
Microsoft Visual Studio Solution File, Format Version 12.00
# Visual Studio Version 16
VisualStudioVersion = 16.0.31019.35
MinimumVisualStudioVersion = 10.0.40219.1
Project("{FAE04EC0-301F-11D3-BF4B-00C04F79EFBC}") = "KidscotchWebApp", "KidscotchWebApp\KidscotchWebApp.csproj", "{7044BC74-F70A-400A-A51F-195EECF668DF}"
EndProject
Global
	GlobalSection(SolutionConfigurationPlatforms) = preSolution
		Debug|Any CPU = Debug|Any CPU
		Release|Any CPU = Release|Any CPU
	EndGlobalSection
	GlobalSection(ProjectConfigurationPlatforms) = postSolution
		{7044BC74-F70A-400A-A51F-195EECF668DF}.Debug|Any CPU.ActiveCfg = Debug|Any CPU
		{7044BC74-F70A-400A-A51F-195EECF668DF}.Debug|Any CPU.Build.0 = Debug|Any CPU
		{7044BC74-F70A-400A-A51F-195EECF668DF}.Release|Any CPU.ActiveCfg = Release|Any CPU
		{7044BC74-F70A-400A-A51F-195EECF668DF}.Release|Any CPU.Build.0 = Release|Any CPU
	EndGlobalSection
	GlobalSection(SolutionProperties) = preSolution
		HideSolutionNode = FALSE
	EndGlobalSection
	GlobalSection(ExtensibilityGlobals) = postSolution
		SolutionGuid = {43612181-7929-4172-95F6-41BCC1CC58D8}
	EndGlobalSection
EndGlobal
